// !$*UTF8*$!
{
	archiveVersion = 1;
	classes = {
	};
	objectVersion = 46;
	objects = {

/* Begin PBXBuildFile section */
		02A0B06D1DEC051D002DE238 /* main.m in Sources */ = {isa = PBXBuildFile; fileRef = 02A0B06C1DEC051D002DE238 /* main.m */; };
		02A0B0701DEC051D002DE238 /* AppDelegate.m in Sources */ = {isa = PBXBuildFile; fileRef = 02A0B06F1DEC051D002DE238 /* AppDelegate.m */; };
		02A0B0731DEC051D002DE238 /* ViewController.m in Sources */ = {isa = PBXBuildFile; fileRef = 02A0B0721DEC051D002DE238 /* ViewController.m */; };
		02A0B0761DEC051D002DE238 /* Main.storyboard in Resources */ = {isa = PBXBuildFile; fileRef = 02A0B0741DEC051D002DE238 /* Main.storyboard */; };
		02A0B0781DEC051D002DE238 /* Assets.xcassets in Resources */ = {isa = PBXBuildFile; fileRef = 02A0B0771DEC051D002DE238 /* Assets.xcassets */; };
		02A0B07B1DEC051D002DE238 /* LaunchScreen.storyboard in Resources */ = {isa = PBXBuildFile; fileRef = 02A0B0791DEC051D002DE238 /* LaunchScreen.storyboard */; };
		02A0B0861DEC051D002DE238 /* SuperNewVersionTests.m in Sources */ = {isa = PBXBuildFile; fileRef = 02A0B0851DEC051D002DE238 /* SuperNewVersionTests.m */; };
		02A0B0911DEC051D002DE238 /* SuperNewVersionUITests.m in Sources */ = {isa = PBXBuildFile; fileRef = 02A0B0901DEC051D002DE238 /* SuperNewVersionUITests.m */; };
		02A0B0A51DEC0572002DE238 /* XCAppInfo.m in Sources */ = {isa = PBXBuildFile; fileRef = 02A0B0A01DEC0572002DE238 /* XCAppInfo.m */; };
		02A0B0A61DEC0572002DE238 /* XCversion.m in Sources */ = {isa = PBXBuildFile; fileRef = 02A0B0A21DEC0572002DE238 /* XCversion.m */; };
		02A0B0A71DEC0572002DE238 /* XCVersionRequest.m in Sources */ = {isa = PBXBuildFile; fileRef = 02A0B0A41DEC0572002DE238 /* XCVersionRequest.m */; };
/* End PBXBuildFile section */

/* Begin PBXContainerItemProxy section */
		02A0B0821DEC051D002DE238 /* PBXContainerItemProxy */ = {
			isa = PBXContainerItemProxy;
			containerPortal = 02A0B0601DEC051D002DE238 /* Project object */;
			proxyType = 1;
			remoteGlobalIDString = 02A0B0671DEC051D002DE238;
			remoteInfo = SuperNewVersion;
		};
		02A0B08D1DEC051D002DE238 /* PBXContainerItemProxy */ = {
			isa = PBXContainerItemProxy;
			containerPortal = 02A0B0601DEC051D002DE238 /* Project object */;
			proxyType = 1;
			remoteGlobalIDString = 02A0B0671DEC051D002DE238;
			remoteInfo = SuperNewVersion;
		};
/* End PBXContainerItemProxy section */

/* Begin PBXFileReference section */
		02A0B0681DEC051D002DE238 /* SuperNewVersion.app */ = {isa = PBXFileReference; explicitFileType = wrapper.application; includeInIndex = 0; path = SuperNewVersion.app; sourceTree = BUILT_PRODUCTS_DIR; };
		02A0B06C1DEC051D002DE238 /* main.m */ = {isa = PBXFileReference; lastKnownFileType = sourcecode.c.objc; path = main.m; sourceTree = "<group>"; };
		02A0B06E1DEC051D002DE238 /* AppDelegate.h */ = {isa = PBXFileReference; lastKnownFileType = sourcecode.c.h; path = AppDelegate.h; sourceTree = "<group>"; };
		02A0B06F1DEC051D002DE238 /* AppDelegate.m */ = {isa = PBXFileReference; lastKnownFileType = sourcecode.c.objc; path = AppDelegate.m; sourceTree = "<group>"; };
		02A0B0711DEC051D002DE238 /* ViewController.h */ = {isa = PBXFileReference; lastKnownFileType = sourcecode.c.h; path = ViewController.h; sourceTree = "<group>"; };
		02A0B0721DEC051D002DE238 /* ViewController.m */ = {isa = PBXFileReference; lastKnownFileType = sourcecode.c.objc; path = ViewController.m; sourceTree = "<group>"; };
		02A0B0751DEC051D002DE238 /* Base */ = {isa = PBXFileReference; lastKnownFileType = file.storyboard; name = Base; path = Base.lproj/Main.storyboard; sourceTree = "<group>"; };
		02A0B0771DEC051D002DE238 /* Assets.xcassets */ = {isa = PBXFileReference; lastKnownFileType = folder.assetcatalog; path = Assets.xcassets; sourceTree = "<group>"; };
		02A0B07A1DEC051D002DE238 /* Base */ = {isa = PBXFileReference; lastKnownFileType = file.storyboard; name = Base; path = Base.lproj/LaunchScreen.storyboard; sourceTree = "<group>"; };
		02A0B07C1DEC051D002DE238 /* Info.plist */ = {isa = PBXFileReference; lastKnownFileType = text.plist.xml; path = Info.plist; sourceTree = "<group>"; };
		02A0B0811DEC051D002DE238 /* SuperNewVersionTests.xctest */ = {isa = PBXFileReference; explicitFileType = wrapper.cfbundle; includeInIndex = 0; path = SuperNewVersionTests.xctest; sourceTree = BUILT_PRODUCTS_DIR; };
		02A0B0851DEC051D002DE238 /* SuperNewVersionTests.m */ = {isa = PBXFileReference; lastKnownFileType = sourcecode.c.objc; path = SuperNewVersionTests.m; sourceTree = "<group>"; };
		02A0B0871DEC051D002DE238 /* Info.plist */ = {isa = PBXFileReference; lastKnownFileType = text.plist.xml; path = Info.plist; sourceTree = "<group>"; };
		02A0B08C1DEC051D002DE238 /* SuperNewVersionUITests.xctest */ = {isa = PBXFileReference; explicitFileType = wrapper.cfbundle; includeInIndex = 0; path = SuperNewVersionUITests.xctest; sourceTree = BUILT_PRODUCTS_DIR; };
		02A0B0901DEC051D002DE238 /* SuperNewVersionUITests.m */ = {isa = PBXFileReference; lastKnownFileType = sourcecode.c.objc; path = SuperNewVersionUITests.m; sourceTree = "<group>"; };
		02A0B0921DEC051D002DE238 /* Info.plist */ = {isa = PBXFileReference; lastKnownFileType = text.plist.xml; path = Info.plist; sourceTree = "<group>"; };
		02A0B09E1DEC0572002DE238 /* SingleDefine.h */ = {isa = PBXFileReference; fileEncoding = 4; lastKnownFileType = sourcecode.c.h; path = SingleDefine.h; sourceTree = "<group>"; };
		02A0B09F1DEC0572002DE238 /* XCAppInfo.h */ = {isa = PBXFileReference; fileEncoding = 4; lastKnownFileType = sourcecode.c.h; path = XCAppInfo.h; sourceTree = "<group>"; };
		02A0B0A01DEC0572002DE238 /* XCAppInfo.m */ = {isa = PBXFileReference; fileEncoding = 4; lastKnownFileType = sourcecode.c.objc; path = XCAppInfo.m; sourceTree = "<group>"; };
		02A0B0A11DEC0572002DE238 /* XCversion.h */ = {isa = PBXFileReference; fileEncoding = 4; lastKnownFileType = sourcecode.c.h; path = XCversion.h; sourceTree = "<group>"; };
		02A0B0A21DEC0572002DE238 /* XCversion.m */ = {isa = PBXFileReference; fileEncoding = 4; lastKnownFileType = sourcecode.c.objc; path = XCversion.m; sourceTree = "<group>"; };
		02A0B0A31DEC0572002DE238 /* XCVersionRequest.h */ = {isa = PBXFileReference; fileEncoding = 4; lastKnownFileType = sourcecode.c.h; path = XCVersionRequest.h; sourceTree = "<group>"; };
		02A0B0A41DEC0572002DE238 /* XCVersionRequest.m */ = {isa = PBXFileReference; fileEncoding = 4; lastKnownFileType = sourcecode.c.objc; path = XCVersionRequest.m; sourceTree = "<group>"; };
/* End PBXFileReference section */

/* Begin PBXFrameworksBuildPhase section */
		02A0B0651DEC051D002DE238 /* Frameworks */ = {
			isa = PBXFrameworksBuildPhase;
			buildActionMask = 2147483647;
			files = (
			);
			runOnlyForDeploymentPostprocessing = 0;
		};
		02A0B07E1DEC051D002DE238 /* Frameworks */ = {
			isa = PBXFrameworksBuildPhase;
			buildActionMask = 2147483647;
			files = (
			);
			runOnlyForDeploymentPostprocessing = 0;
		};
		02A0B0891DEC051D002DE238 /* Frameworks */ = {
			isa = PBXFrameworksBuildPhase;
			buildActionMask = 2147483647;
			files = (
			);
			runOnlyForDeploymentPostprocessing = 0;
		};
/* End PBXFrameworksBuildPhase section */

/* Begin PBXGroup section */
		02A0B05F1DEC051D002DE238 = {
			isa = PBXGroup;
			children = (
				02A0B06A1DEC051D002DE238 /* SuperNewVersion */,
				02A0B0841DEC051D002DE238 /* SuperNewVersionTests */,
				02A0B08F1DEC051D002DE238 /* SuperNewVersionUITests */,
				02A0B0691DEC051D002DE238 /* Products */,
			);
			sourceTree = "<group>";
		};
		02A0B0691DEC051D002DE238 /* Products */ = {
			isa = PBXGroup;
			children = (
				02A0B0681DEC051D002DE238 /* SuperNewVersion.app */,
				02A0B0811DEC051D002DE238 /* SuperNewVersionTests.xctest */,
				02A0B08C1DEC051D002DE238 /* SuperNewVersionUITests.xctest */,
			);
			name = Products;
			sourceTree = "<group>";
		};
		02A0B06A1DEC051D002DE238 /* SuperNewVersion */ = {
			isa = PBXGroup;
			children = (
				02A0B09E1DEC0572002DE238 /* SingleDefine.h */,
				02A0B09F1DEC0572002DE238 /* XCAppInfo.h */,
				02A0B0A01DEC0572002DE238 /* XCAppInfo.m */,
				02A0B0A11DEC0572002DE238 /* XCversion.h */,
				02A0B0A21DEC0572002DE238 /* XCversion.m */,
				02A0B0A31DEC0572002DE238 /* XCVersionRequest.h */,
				02A0B0A41DEC0572002DE238 /* XCVersionRequest.m */,
				02A0B06E1DEC051D002DE238 /* AppDelegate.h */,
				02A0B06F1DEC051D002DE238 /* AppDelegate.m */,
				02A0B0711DEC051D002DE238 /* ViewController.h */,
				02A0B0721DEC051D002DE238 /* ViewController.m */,
				02A0B0741DEC051D002DE238 /* Main.storyboard */,
				02A0B0771DEC051D002DE238 /* Assets.xcassets */,
				02A0B0791DEC051D002DE238 /* LaunchScreen.storyboard */,
				02A0B07C1DEC051D002DE238 /* Info.plist */,
				02A0B06B1DEC051D002DE238 /* Supporting Files */,
			);
			path = SuperNewVersion;
			sourceTree = "<group>";
		};
		02A0B06B1DEC051D002DE238 /* Supporting Files */ = {
			isa = PBXGroup;
			children = (
				02A0B06C1DEC051D002DE238 /* main.m */,
			);
			name = "Supporting Files";
			sourceTree = "<group>";
		};
		02A0B0841DEC051D002DE238 /* SuperNewVersionTests */ = {
			isa = PBXGroup;
			children = (
				02A0B0851DEC051D002DE238 /* SuperNewVersionTests.m */,
				02A0B0871DEC051D002DE238 /* Info.plist */,
			);
			path = SuperNewVersionTests;
			sourceTree = "<group>";
		};
		02A0B08F1DEC051D002DE238 /* SuperNewVersionUITests */ = {
			isa = PBXGroup;
			children = (
				02A0B0901DEC051D002DE238 /* SuperNewVersionUITests.m */,
				02A0B0921DEC051D002DE238 /* Info.plist */,
			);
			path = SuperNewVersionUITests;
			sourceTree = "<group>";
		};
/* End PBXGroup section */

/* Begin PBXNativeTarget section */
		02A0B0671DEC051D002DE238 /* SuperNewVersion */ = {
			isa = PBXNativeTarget;
			buildConfigurationList = 02A0B0951DEC051D002DE238 /* Build configuration list for PBXNativeTarget "SuperNewVersion" */;
			buildPhases = (
				02A0B0641DEC051D002DE238 /* Sources */,
				02A0B0651DEC051D002DE238 /* Frameworks */,
				02A0B0661DEC051D002DE238 /* Resources */,
			);
			buildRules = (
			);
			dependencies = (
			);
			name = SuperNewVersion;
			productName = SuperNewVersion;
			productReference = 02A0B0681DEC051D002DE238 /* SuperNewVersion.app */;
			productType = "com.apple.product-type.application";
		};
		02A0B0801DEC051D002DE238 /* SuperNewVersionTests */ = {
			isa = PBXNativeTarget;
			buildConfigurationList = 02A0B0981DEC051D002DE238 /* Build configuration list for PBXNativeTarget "SuperNewVersionTests" */;
			buildPhases = (
				02A0B07D1DEC051D002DE238 /* Sources */,
				02A0B07E1DEC051D002DE238 /* Frameworks */,
				02A0B07F1DEC051D002DE238 /* Resources */,
			);
			buildRules = (
			);
			dependencies = (
				02A0B0831DEC051D002DE238 /* PBXTargetDependency */,
			);
			name = SuperNewVersionTests;
			productName = SuperNewVersionTests;
			productReference = 02A0B0811DEC051D002DE238 /* SuperNewVersionTests.xctest */;
			productType = "com.apple.product-type.bundle.unit-test";
		};
		02A0B08B1DEC051D002DE238 /* SuperNewVersionUITests */ = {
			isa = PBXNativeTarget;
			buildConfigurationList = 02A0B09B1DEC051D002DE238 /* Build configuration list for PBXNativeTarget "SuperNewVersionUITests" */;
			buildPhases = (
				02A0B0881DEC051D002DE238 /* Sources */,
				02A0B0891DEC051D002DE238 /* Frameworks */,
				02A0B08A1DEC051D002DE238 /* Resources */,
			);
			buildRules = (
			);
			dependencies = (
				02A0B08E1DEC051D002DE238 /* PBXTargetDependency */,
			);
			name = SuperNewVersionUITests;
			productName = SuperNewVersionUITests;
			productReference = 02A0B08C1DEC051D002DE238 /* SuperNewVersionUITests.xctest */;
			productType = "com.apple.product-type.bundle.ui-testing";
		};
/* End PBXNativeTarget section */

/* Begin PBXProject section */
		02A0B0601DEC051D002DE238 /* Project object */ = {
			isa = PBXProject;
			attributes = {
				LastUpgradeCheck = 0800;
				ORGANIZATIONNAME = xuchao;
				TargetAttributes = {
					02A0B0671DEC051D002DE238 = {
						CreatedOnToolsVersion = 8.0;
						DevelopmentTeam = S8JCA3446L;
						ProvisioningStyle = Automatic;
					};
					02A0B0801DEC051D002DE238 = {
						CreatedOnToolsVersion = 8.0;
						DevelopmentTeam = 2R5QG985TG;
						ProvisioningStyle = Automatic;
						TestTargetID = 02A0B0671DEC051D002DE238;
					};
					02A0B08B1DEC051D002DE238 = {
						CreatedOnToolsVersion = 8.0;
						DevelopmentTeam = 2R5QG985TG;
						ProvisioningStyle = Automatic;
						TestTargetID = 02A0B0671DEC051D002DE238;
					};
				};
			};
			buildConfigurationList = 02A0B0631DEC051D002DE238 /* Build configuration list for PBXProject "SuperNewVersion" */;
			compatibilityVersion = "Xcode 3.2";
			developmentRegion = English;
			hasScannedForEncodings = 0;
			knownRegions = (
				en,
				Base,
			);
			mainGroup = 02A0B05F1DEC051D002DE238;
			productRefGroup = 02A0B0691DEC051D002DE238 /* Products */;
			projectDirPath = "";
			projectRoot = "";
			targets = (
				02A0B0671DEC051D002DE238 /* SuperNewVersion */,
				02A0B0801DEC051D002DE238 /* SuperNewVersionTests */,
				02A0B08B1DEC051D002DE238 /* SuperNewVersionUITests */,
			);
		};
/* End PBXProject section */

/* Begin PBXResourcesBuildPhase section */
		02A0B0661DEC051D002DE238 /* Resources */ = {
			isa = PBXResourcesBuildPhase;
			buildActionMask = 2147483647;
			files = (
				02A0B07B1DEC051D002DE238 /* LaunchScreen.storyboard in Resources */,
				02A0B0781DEC051D002DE238 /* Assets.xcassets in Resources */,
				02A0B0761DEC051D002DE238 /* Main.storyboard in Resources */,
			);
			runOnlyForDeploymentPostprocessing = 0;
		};
		02A0B07F1DEC051D002DE238 /* Resources */ = {
			isa = PBXResourcesBuildPhase;
			buildActionMask = 2147483647;
			files = (
			);
			runOnlyForDeploymentPostprocessing = 0;
		};
		02A0B08A1DEC051D002DE238 /* Resources */ = {
			isa = PBXResourcesBuildPhase;
			buildActionMask = 2147483647;
			files = (
			);
			runOnlyForDeploymentPostprocessing = 0;
		};
/* End PBXResourcesBuildPhase section */

/* Begin PBXSourcesBuildPhase section */
		02A0B0641DEC051D002DE238 /* Sources */ = {
			isa = PBXSourcesBuildPhase;
			buildActionMask = 2147483647;
			files = (
				02A0B0731DEC051D002DE238 /* ViewController.m in Sources */,
				02A0B0A71DEC0572002DE238 /* XCVersionRequest.m in Sources */,
				02A0B0701DEC051D002DE238 /* AppDelegate.m in Sources */,
				02A0B0A51DEC0572002DE238 /* XCAppInfo.m in Sources */,
				02A0B0A61DEC0572002DE238 /* XCversion.m in Sources */,
				02A0B06D1DEC051D002DE238 /* main.m in Sources */,
			);
			runOnlyForDeploymentPostprocessing = 0;
		};
		02A0B07D1DEC051D002DE238 /* Sources */ = {
			isa = PBXSourcesBuildPhase;
			buildActionMask = 2147483647;
			files = (
				02A0B0861DEC051D002DE238 /* SuperNewVersionTests.m in Sources */,
			);
			runOnlyForDeploymentPostprocessing = 0;
		};
		02A0B0881DEC051D002DE238 /* Sources */ = {
			isa = PBXSourcesBuildPhase;
			buildActionMask = 2147483647;
			files = (
				02A0B0911DEC051D002DE238 /* SuperNewVersionUITests.m in Sources */,
			);
			runOnlyForDeploymentPostprocessing = 0;
		};
/* End PBXSourcesBuildPhase section */

/* Begin PBXTargetDependency section */
		02A0B0831DEC051D002DE238 /* PBXTargetDependency */ = {
			isa = PBXTargetDependency;
			target = 02A0B0671DEC051D002DE238 /* SuperNewVersion */;
			targetProxy = 02A0B0821DEC051D002DE238 /* PBXContainerItemProxy */;
		};
		02A0B08E1DEC051D002DE238 /* PBXTargetDependency */ = {
			isa = PBXTargetDependency;
			target = 02A0B0671DEC051D002DE238 /* SuperNewVersion */;
			targetProxy = 02A0B08D1DEC051D002DE238 /* PBXContainerItemProxy */;
		};
/* End PBXTargetDependency section */

/* Begin PBXVariantGroup section */
		02A0B0741DEC051D002DE238 /* Main.storyboard */ = {
			isa = PBXVariantGroup;
			children = (
				02A0B0751DEC051D002DE238 /* Base */,
			);
			name = Main.storyboard;
			sourceTree = "<group>";
		};
		02A0B0791DEC051D002DE238 /* LaunchScreen.storyboard */ = {
			isa = PBXVariantGroup;
			children = (
				02A0B07A1DEC051D002DE238 /* Base */,
			);
			name = LaunchScreen.storyboard;
			sourceTree = "<group>";
		};
/* End PBXVariantGroup section */

/* Begin XCBuildConfiguration section */
		02A0B0931DEC051D002DE238 /* Debug */ = {
			isa = XCBuildConfiguration;
			buildSettings = {
				ALWAYS_SEARCH_USER_PATHS = NO;
				CLANG_ANALYZER_NONNULL = YES;
				CLANG_CXX_LANGUAGE_STANDARD = "gnu++0x";
				CLANG_CXX_LIBRARY = "libc++";
				CLANG_ENABLE_MODULES = YES;
				CLANG_ENABLE_OBJC_ARC = YES;
				CLANG_WARN_BOOL_CONVERSION = YES;
				CLANG_WARN_CONSTANT_CONVERSION = YES;
				CLANG_WARN_DIRECT_OBJC_ISA_USAGE = YES_ERROR;
				CLANG_WARN_DOCUMENTATION_COMMENTS = YES;
				CLANG_WARN_EMPTY_BODY = YES;
				CLANG_WARN_ENUM_CONVERSION = YES;
				CLANG_WARN_INFINITE_RECURSION = YES;
				CLANG_WARN_INT_CONVERSION = YES;
				CLANG_WARN_OBJC_ROOT_CLASS = YES_ERROR;
				CLANG_WARN_SUSPICIOUS_MOVES = YES;
				CLANG_WARN_UNREACHABLE_CODE = YES;
				CLANG_WARN__DUPLICATE_METHOD_MATCH = YES;
				"CODE_SIGN_IDENTITY[sdk=iphoneos*]" = "iPhone Developer";
				COPY_PHASE_STRIP = NO;
				DEBUG_INFORMATION_FORMAT = dwarf;
				ENABLE_STRICT_OBJC_MSGSEND = YES;
				ENABLE_TESTABILITY = YES;
				GCC_C_LANGUAGE_STANDARD = gnu99;
				GCC_DYNAMIC_NO_PIC = NO;
				GCC_NO_COMMON_BLOCKS = YES;
				GCC_OPTIMIZATION_LEVEL = 0;
				GCC_PREPROCESSOR_DEFINITIONS = (
					"DEBUG=1",
					"$(inherited)",
				);
				GCC_WARN_64_TO_32_BIT_CONVERSION = YES;
				GCC_WARN_ABOUT_RETURN_TYPE = YES_ERROR;
				GCC_WARN_UNDECLARED_SELECTOR = YES;
				GCC_WARN_UNINITIALIZED_AUTOS = YES_AGGRESSIVE;
				GCC_WARN_UNUSED_FUNCTION = YES;
				GCC_WARN_UNUSED_VARIABLE = YES;
				IPHONEOS_DEPLOYMENT_TARGET = 10.0;
				MTL_ENABLE_DEBUG_INFO = YES;
				ONLY_ACTIVE_ARCH = YES;
				SDKROOT = iphoneos;
			};
			name = Debug;
		};
		02A0B0941DEC051D002DE238 /* Release */ = {
			isa = XCBuildConfiguration;
			buildSettings = {
				ALWAYS_SEARCH_USER_PATHS = NO;
				CLANG_ANALYZER_NONNULL = YES;
				CLANG_CXX_LANGUAGE_STANDARD = "gnu++0x";
				CLANG_CXX_LIBRARY = "libc++";
				CLANG_ENABLE_MODULES = YES;
				CLANG_ENABLE_OBJC_ARC = YES;
				CLANG_WARN_BOOL_CONVERSION = YES;
				CLANG_WARN_CONSTANT_CONVERSION = YES;
				CLANG_WARN_DIRECT_OBJC_ISA_USAGE = YES_ERROR;
				CLANG_WARN_DOCUMENTATION_COMMENTS = YES;
				CLANG_WARN_EMPTY_BODY = YES;
				CLANG_WARN_ENUM_CONVERSION = YES;
				CLANG_WARN_INFINITE_RECURSION = YES;
				CLANG_WARN_INT_CONVERSION = YES;
				CLANG_WARN_OBJC_ROOT_CLASS = YES_ERROR;
				CLANG_WARN_SUSPICIOUS_MOVES = YES;
				CLANG_WARN_UNREACHABLE_CODE = YES;
				CLANG_WARN__DUPLICATE_METHOD_MATCH = YES;
				"CODE_SIGN_IDENTITY[sdk=iphoneos*]" = "iPhone Developer";
				COPY_PHASE_STRIP = NO;
				DEBUG_INFORMATION_FORMAT = "dwarf-with-dsym";
				ENABLE_NS_ASSERTIONS = NO;
				ENABLE_STRICT_OBJC_MSGSEND = YES;
				GCC_C_LANGUAGE_STANDARD = gnu99;
				GCC_NO_COMMON_BLOCKS = YES;
				GCC_WARN_64_TO_32_BIT_CONVERSION = YES;
				GCC_WARN_ABOUT_RETURN_TYPE = YES_ERROR;
				GCC_WARN_UNDECLARED_SELECTOR = YES;
				GCC_WARN_UNINITIALIZED_AUTOS = YES_AGGRESSIVE;
				GCC_WARN_UNUSED_FUNCTION = YES;
				GCC_WARN_UNUSED_VARIABLE = YES;
				IPHONEOS_DEPLOYMENT_TARGET = 10.0;
				MTL_ENABLE_DEBUG_INFO = NO;
				SDKROOT = iphoneos;
				VALIDATE_PRODUCT = YES;
			};
			name = Release;
		};
		02A0B0961DEC051D002DE238 /* Debug */ = {
			isa = XCBuildConfiguration;
			buildSettings = {
				ASSETCATALOG_COMPILER_APPICON_NAME = AppIcon;
				DEVELOPMENT_TEAM = S8JCA3446L;
				INFOPLIST_FILE = SuperNewVersion/Info.plist;
				IPHONEOS_DEPLOYMENT_TARGET = 8.0;
				LD_RUNPATH_SEARCH_PATHS = "$(inherited) @executable_path/Frameworks";
				PRODUCT_BUNDLE_IDENTIFIER = "com.yuanqitech.hy-Iphone";
				PRODUCT_NAME = "$(TARGET_NAME)";
			};
			name = Debug;
		};
		02A0B0971DEC051D002DE238 /* Release */ = {
			isa = XCBuildConfiguration;
			buildSettings = {
				ASSETCATALOG_COMPILER_APPICON_NAME = AppIcon;
				DEVELOPMENT_TEAM = S8JCA3446L;
				INFOPLIST_FILE = SuperNewVersion/Info.plist;
				IPHONEOS_DEPLOYMENT_TARGET = 8.0;
				LD_RUNPATH_SEARCH_PATHS = "$(inherited) @executable_path/Frameworks";
				PRODUCT_BUNDLE_IDENTIFIER = "com.yuanqitech.hy-Iphone";
				PRODUCT_NAME = "$(TARGET_NAME)";
			};
			name = Release;
		};
		02A0B0991DEC051D002DE238 /* Debug */ = {
			isa = XCBuildConfiguration;
			buildSettings = {
				BUNDLE_LOADER = "$(TEST_HOST)";
				DEVELOPMENT_TEAM = 2R5QG985TG;
				INFOPLIST_FILE = SuperNewVersionTests/Info.plist;
				LD_RUNPATH_SEARCH_PATHS = "$(inherited) @executable_path/Frameworks @loader_path/Frameworks";
				PRODUCT_BUNDLE_IDENTIFIER = none.WKWebView.SuperNewVersionTests;
				PRODUCT_NAME = "$(TARGET_NAME)";
				TEST_HOST = "$(BUILT_PRODUCTS_DIR)/SuperNewVersion.app/SuperNewVersion";
			};
			name = Debug;
		};
		02A0B09A1DEC051D002DE238 /* Release */ = {
			isa = XCBuildConfiguration;
			buildSettings = {
				BUNDLE_LOADER = "$(TEST_HOST)";
				DEVELOPMENT_TEAM = 2R5QG985TG;
				INFOPLIST_FILE = SuperNewVersionTests/Info.plist;
				LD_RUNPATH_SEARCH_PATHS = "$(inherited) @executable_path/Frameworks @loader_path/Frameworks";
				PRODUCT_BUNDLE_IDENTIFIER = none.WKWebView.SuperNewVersionTests;
				PRODUCT_NAME = "$(TARGET_NAME)";
				TEST_HOST = "$(BUILT_PRODUCTS_DIR)/SuperNewVersion.app/SuperNewVersion";
			};
			name = Release;
		};
		02A0B09C1DEC051D002DE238 /* Debug */ = {
			isa = XCBuildConfiguration;
			buildSettings = {
				DEVELOPMENT_TEAM = 2R5QG985TG;
				INFOPLIST_FILE = SuperNewVersionUITests/Info.plist;
				LD_RUNPATH_SEARCH_PATHS = "$(inherited) @executable_path/Frameworks @loader_path/Frameworks";
				PRODUCT_BUNDLE_IDENTIFIER = none.WKWebView.SuperNewVersionUITests;
				PRODUCT_NAME = "$(TARGET_NAME)";
				TEST_TARGET_NAME = SuperNewVersion;
			};
			name = Debug;
		};
		02A0B09D1DEC051D002DE238 /* Release */ = {
			isa = XCBuildConfiguration;
			buildSettings = {
				DEVELOPMENT_TEAM = 2R5QG985TG;
				INFOPLIST_FILE = SuperNewVersionUITests/Info.plist;
				LD_RUNPATH_SEARCH_PATHS = "$(inherited) @executable_path/Frameworks @loader_path/Frameworks";
				PRODUCT_BUNDLE_IDENTIFIER = none.WKWebView.SuperNewVersionUITests;
				PRODUCT_NAME = "$(TARGET_NAME)";
				TEST_TARGET_NAME = SuperNewVersion;
			};
			name = Release;
		};
/* End XCBuildConfiguration section */

/* Begin XCConfigurationList section */
		02A0B0631DEC051D002DE238 /* Build configuration list for PBXProject "SuperNewVersion" */ = {
			isa = XCConfigurationList;
			buildConfigurations = (
				02A0B0931DEC051D002DE238 /* Debug */,
				02A0B0941DEC051D002DE238 /* Release */,
			);
			defaultConfigurationIsVisible = 0;
			defaultConfigurationName = Release;
		};
		02A0B0951DEC051D002DE238 /* Build configuration list for PBXNativeTarget "SuperNewVersion" */ = {
			isa = XCConfigurationList;
			buildConfigurations = (
				02A0B0961DEC051D002DE238 /* Debug */,
				02A0B0971DEC051D002DE238 /* Release */,
			);
			defaultConfigurationIsVisible = 0;
			defaultConfigurationName = Release;
		};
		02A0B0981DEC051D002DE238 /* Build configuration list for PBXNativeTarget "SuperNewVersionTests" */ = {
			isa = XCConfigurationList;
			buildConfigurations = (
				02A0B0991DEC051D002DE238 /* Debug */,
				02A0B09A1DEC051D002DE238 /* Release */,
			);
			defaultConfigurationIsVisible = 0;
			defaultConfigurationName = Release;
		};
		02A0B09B1DEC051D002DE238 /* Build configuration list for PBXNativeTarget "SuperNewVersionUITests" */ = {
			isa = XCConfigurationList;
			buildConfigurations = (
				02A0B09C1DEC051D002DE238 /* Debug */,
				02A0B09D1DEC051D002DE238 /* Release */,
			);
			defaultConfigurationIsVisible = 0;
			defaultConfigurationName = Release;
		};
/* End XCConfigurationList section */
	};
	rootObject = 02A0B0601DEC051D002DE238 /* Project object */;
}
