// !$*UTF8*$!
{
	archiveVersion = 1;
	classes = {
	};
	objectVersion = 46;
	objects = {

/* Begin PBXBuildFile section */
		026BEE651DE81F1E00C9E322 /* XCVersionRequest.m in Sources */ = {isa = PBXBuildFile; fileRef = 026BEE641DE81F1D00C9E322 /* XCVersionRequest.m */; };
		026BEE681DE8218700C9E322 /* XCversion.m in Sources */ = {isa = PBXBuildFile; fileRef = 026BEE671DE8218700C9E322 /* XCversion.m */; };
		026BEE6F1DE82C2700C9E322 /* XCAppInfo.m in Sources */ = {isa = PBXBuildFile; fileRef = 026BEE6E1DE82C2700C9E322 /* XCAppInfo.m */; };
		02E0237E1DE684E5009ADBD2 /* main.m in Sources */ = {isa = PBXBuildFile; fileRef = 02E0237D1DE684E5009ADBD2 /* main.m */; };
		02E023811DE684E5009ADBD2 /* AppDelegate.m in Sources */ = {isa = PBXBuildFile; fileRef = 02E023801DE684E5009ADBD2 /* AppDelegate.m */; };
		02E023841DE684E5009ADBD2 /* ViewController.m in Sources */ = {isa = PBXBuildFile; fileRef = 02E023831DE684E5009ADBD2 /* ViewController.m */; };
		02E023871DE684E5009ADBD2 /* Main.storyboard in Resources */ = {isa = PBXBuildFile; fileRef = 02E023851DE684E5009ADBD2 /* Main.storyboard */; };
		02E023891DE684E5009ADBD2 /* Assets.xcassets in Resources */ = {isa = PBXBuildFile; fileRef = 02E023881DE684E5009ADBD2 /* Assets.xcassets */; };
		02E0238C1DE684E5009ADBD2 /* LaunchScreen.storyboard in Resources */ = {isa = PBXBuildFile; fileRef = 02E0238A1DE684E5009ADBD2 /* LaunchScreen.storyboard */; };
		02E023971DE684E5009ADBD2 /* demo1Tests.m in Sources */ = {isa = PBXBuildFile; fileRef = 02E023961DE684E5009ADBD2 /* demo1Tests.m */; };
		02E023A21DE684E5009ADBD2 /* demo1UITests.m in Sources */ = {isa = PBXBuildFile; fileRef = 02E023A11DE684E5009ADBD2 /* demo1UITests.m */; };
/* End PBXBuildFile section */

/* Begin PBXContainerItemProxy section */
		02E023931DE684E5009ADBD2 /* PBXContainerItemProxy */ = {
			isa = PBXContainerItemProxy;
			containerPortal = 02E023711DE684E5009ADBD2 /* Project object */;
			proxyType = 1;
			remoteGlobalIDString = 02E023781DE684E5009ADBD2;
			remoteInfo = demo1;
		};
		02E0239E1DE684E5009ADBD2 /* PBXContainerItemProxy */ = {
			isa = PBXContainerItemProxy;
			containerPortal = 02E023711DE684E5009ADBD2 /* Project object */;
			proxyType = 1;
			remoteGlobalIDString = 02E023781DE684E5009ADBD2;
			remoteInfo = demo1;
		};
/* End PBXContainerItemProxy section */

/* Begin PBXFileReference section */
		026BEE631DE81F1D00C9E322 /* XCVersionRequest.h */ = {isa = PBXFileReference; fileEncoding = 4; lastKnownFileType = sourcecode.c.h; path = XCVersionRequest.h; sourceTree = "<group>"; };
		026BEE641DE81F1D00C9E322 /* XCVersionRequest.m */ = {isa = PBXFileReference; fileEncoding = 4; lastKnownFileType = sourcecode.c.objc; path = XCVersionRequest.m; sourceTree = "<group>"; };
		026BEE661DE8218700C9E322 /* XCversion.h */ = {isa = PBXFileReference; fileEncoding = 4; lastKnownFileType = sourcecode.c.h; path = XCversion.h; sourceTree = "<group>"; };
		026BEE671DE8218700C9E322 /* XCversion.m */ = {isa = PBXFileReference; fileEncoding = 4; lastKnownFileType = sourcecode.c.objc; path = XCversion.m; sourceTree = "<group>"; };
		026BEE6C1DE822DF00C9E322 /* SingleDefine.h */ = {isa = PBXFileReference; fileEncoding = 4; lastKnownFileType = sourcecode.c.h; path = SingleDefine.h; sourceTree = "<group>"; };
		026BEE6D1DE82C2700C9E322 /* XCAppInfo.h */ = {isa = PBXFileReference; fileEncoding = 4; lastKnownFileType = sourcecode.c.h; path = XCAppInfo.h; sourceTree = "<group>"; };
		026BEE6E1DE82C2700C9E322 /* XCAppInfo.m */ = {isa = PBXFileReference; fileEncoding = 4; lastKnownFileType = sourcecode.c.objc; path = XCAppInfo.m; sourceTree = "<group>"; };
		02E023791DE684E5009ADBD2 /* demo1.app */ = {isa = PBXFileReference; explicitFileType = wrapper.application; includeInIndex = 0; path = demo1.app; sourceTree = BUILT_PRODUCTS_DIR; };
		02E0237D1DE684E5009ADBD2 /* main.m */ = {isa = PBXFileReference; lastKnownFileType = sourcecode.c.objc; path = main.m; sourceTree = "<group>"; };
		02E0237F1DE684E5009ADBD2 /* AppDelegate.h */ = {isa = PBXFileReference; lastKnownFileType = sourcecode.c.h; path = AppDelegate.h; sourceTree = "<group>"; };
		02E023801DE684E5009ADBD2 /* AppDelegate.m */ = {isa = PBXFileReference; lastKnownFileType = sourcecode.c.objc; path = AppDelegate.m; sourceTree = "<group>"; };
		02E023821DE684E5009ADBD2 /* ViewController.h */ = {isa = PBXFileReference; lastKnownFileType = sourcecode.c.h; path = ViewController.h; sourceTree = "<group>"; };
		02E023831DE684E5009ADBD2 /* ViewController.m */ = {isa = PBXFileReference; lastKnownFileType = sourcecode.c.objc; path = ViewController.m; sourceTree = "<group>"; };
		02E023861DE684E5009ADBD2 /* Base */ = {isa = PBXFileReference; lastKnownFileType = file.storyboard; name = Base; path = Base.lproj/Main.storyboard; sourceTree = "<group>"; };
		02E023881DE684E5009ADBD2 /* Assets.xcassets */ = {isa = PBXFileReference; lastKnownFileType = folder.assetcatalog; path = Assets.xcassets; sourceTree = "<group>"; };
		02E0238B1DE684E5009ADBD2 /* Base */ = {isa = PBXFileReference; lastKnownFileType = file.storyboard; name = Base; path = Base.lproj/LaunchScreen.storyboard; sourceTree = "<group>"; };
		02E0238D1DE684E5009ADBD2 /* Info.plist */ = {isa = PBXFileReference; lastKnownFileType = text.plist.xml; path = Info.plist; sourceTree = "<group>"; };
		02E023921DE684E5009ADBD2 /* demo1Tests.xctest */ = {isa = PBXFileReference; explicitFileType = wrapper.cfbundle; includeInIndex = 0; path = demo1Tests.xctest; sourceTree = BUILT_PRODUCTS_DIR; };
		02E023961DE684E5009ADBD2 /* demo1Tests.m */ = {isa = PBXFileReference; lastKnownFileType = sourcecode.c.objc; path = demo1Tests.m; sourceTree = "<group>"; };
		02E023981DE684E5009ADBD2 /* Info.plist */ = {isa = PBXFileReference; lastKnownFileType = text.plist.xml; path = Info.plist; sourceTree = "<group>"; };
		02E0239D1DE684E5009ADBD2 /* demo1UITests.xctest */ = {isa = PBXFileReference; explicitFileType = wrapper.cfbundle; includeInIndex = 0; path = demo1UITests.xctest; sourceTree = BUILT_PRODUCTS_DIR; };
		02E023A11DE684E5009ADBD2 /* demo1UITests.m */ = {isa = PBXFileReference; lastKnownFileType = sourcecode.c.objc; path = demo1UITests.m; sourceTree = "<group>"; };
		02E023A31DE684E5009ADBD2 /* Info.plist */ = {isa = PBXFileReference; lastKnownFileType = text.plist.xml; path = Info.plist; sourceTree = "<group>"; };
/* End PBXFileReference section */

/* Begin PBXFrameworksBuildPhase section */
		02E023761DE684E5009ADBD2 /* Frameworks */ = {
			isa = PBXFrameworksBuildPhase;
			buildActionMask = 2147483647;
			files = (
			);
			runOnlyForDeploymentPostprocessing = 0;
		};
		02E0238F1DE684E5009ADBD2 /* Frameworks */ = {
			isa = PBXFrameworksBuildPhase;
			buildActionMask = 2147483647;
			files = (
			);
			runOnlyForDeploymentPostprocessing = 0;
		};
		02E0239A1DE684E5009ADBD2 /* Frameworks */ = {
			isa = PBXFrameworksBuildPhase;
			buildActionMask = 2147483647;
			files = (
			);
			runOnlyForDeploymentPostprocessing = 0;
		};
/* End PBXFrameworksBuildPhase section */

/* Begin PBXGroup section */
		02E023701DE684E4009ADBD2 = {
			isa = PBXGroup;
			children = (
				02E0237B1DE684E5009ADBD2 /* demo1 */,
				02E023951DE684E5009ADBD2 /* demo1Tests */,
				02E023A01DE684E5009ADBD2 /* demo1UITests */,
				02E0237A1DE684E5009ADBD2 /* Products */,
			);
			sourceTree = "<group>";
		};
		02E0237A1DE684E5009ADBD2 /* Products */ = {
			isa = PBXGroup;
			children = (
				02E023791DE684E5009ADBD2 /* demo1.app */,
				02E023921DE684E5009ADBD2 /* demo1Tests.xctest */,
				02E0239D1DE684E5009ADBD2 /* demo1UITests.xctest */,
			);
			name = Products;
			sourceTree = "<group>";
		};
		02E0237B1DE684E5009ADBD2 /* demo1 */ = {
			isa = PBXGroup;
			children = (
				026BEE6C1DE822DF00C9E322 /* SingleDefine.h */,
				02E0237F1DE684E5009ADBD2 /* AppDelegate.h */,
				02E023801DE684E5009ADBD2 /* AppDelegate.m */,
				02E023821DE684E5009ADBD2 /* ViewController.h */,
				02E023831DE684E5009ADBD2 /* ViewController.m */,
				02E023851DE684E5009ADBD2 /* Main.storyboard */,
				02E023881DE684E5009ADBD2 /* Assets.xcassets */,
				02E0238A1DE684E5009ADBD2 /* LaunchScreen.storyboard */,
				02E0238D1DE684E5009ADBD2 /* Info.plist */,
				02E0237C1DE684E5009ADBD2 /* Supporting Files */,
				026BEE631DE81F1D00C9E322 /* XCVersionRequest.h */,
				026BEE641DE81F1D00C9E322 /* XCVersionRequest.m */,
				026BEE661DE8218700C9E322 /* XCversion.h */,
				026BEE671DE8218700C9E322 /* XCversion.m */,
				026BEE6D1DE82C2700C9E322 /* XCAppInfo.h */,
				026BEE6E1DE82C2700C9E322 /* XCAppInfo.m */,
			);
			path = demo1;
			sourceTree = "<group>";
		};
		02E0237C1DE684E5009ADBD2 /* Supporting Files */ = {
			isa = PBXGroup;
			children = (
				02E0237D1DE684E5009ADBD2 /* main.m */,
			);
			name = "Supporting Files";
			sourceTree = "<group>";
		};
		02E023951DE684E5009ADBD2 /* demo1Tests */ = {
			isa = PBXGroup;
			children = (
				02E023961DE684E5009ADBD2 /* demo1Tests.m */,
				02E023981DE684E5009ADBD2 /* Info.plist */,
			);
			path = demo1Tests;
			sourceTree = "<group>";
		};
		02E023A01DE684E5009ADBD2 /* demo1UITests */ = {
			isa = PBXGroup;
			children = (
				02E023A11DE684E5009ADBD2 /* demo1UITests.m */,
				02E023A31DE684E5009ADBD2 /* Info.plist */,
			);
			path = demo1UITests;
			sourceTree = "<group>";
		};
/* End PBXGroup section */

/* Begin PBXNativeTarget section */
		02E023781DE684E5009ADBD2 /* demo1 */ = {
			isa = PBXNativeTarget;
			buildConfigurationList = 02E023A61DE684E5009ADBD2 /* Build configuration list for PBXNativeTarget "demo1" */;
			buildPhases = (
				02E023751DE684E5009ADBD2 /* Sources */,
				02E023761DE684E5009ADBD2 /* Frameworks */,
				02E023771DE684E5009ADBD2 /* Resources */,
			);
			buildRules = (
			);
			dependencies = (
			);
			name = demo1;
			productName = demo1;
			productReference = 02E023791DE684E5009ADBD2 /* demo1.app */;
			productType = "com.apple.product-type.application";
		};
		02E023911DE684E5009ADBD2 /* demo1Tests */ = {
			isa = PBXNativeTarget;
			buildConfigurationList = 02E023A91DE684E5009ADBD2 /* Build configuration list for PBXNativeTarget "demo1Tests" */;
			buildPhases = (
				02E0238E1DE684E5009ADBD2 /* Sources */,
				02E0238F1DE684E5009ADBD2 /* Frameworks */,
				02E023901DE684E5009ADBD2 /* Resources */,
			);
			buildRules = (
			);
			dependencies = (
				02E023941DE684E5009ADBD2 /* PBXTargetDependency */,
			);
			name = demo1Tests;
			productName = demo1Tests;
			productReference = 02E023921DE684E5009ADBD2 /* demo1Tests.xctest */;
			productType = "com.apple.product-type.bundle.unit-test";
		};
		02E0239C1DE684E5009ADBD2 /* demo1UITests */ = {
			isa = PBXNativeTarget;
			buildConfigurationList = 02E023AC1DE684E5009ADBD2 /* Build configuration list for PBXNativeTarget "demo1UITests" */;
			buildPhases = (
				02E023991DE684E5009ADBD2 /* Sources */,
				02E0239A1DE684E5009ADBD2 /* Frameworks */,
				02E0239B1DE684E5009ADBD2 /* Resources */,
			);
			buildRules = (
			);
			dependencies = (
				02E0239F1DE684E5009ADBD2 /* PBXTargetDependency */,
			);
			name = demo1UITests;
			productName = demo1UITests;
			productReference = 02E0239D1DE684E5009ADBD2 /* demo1UITests.xctest */;
			productType = "com.apple.product-type.bundle.ui-testing";
		};
/* End PBXNativeTarget section */

/* Begin PBXProject section */
		02E023711DE684E5009ADBD2 /* Project object */ = {
			isa = PBXProject;
			attributes = {
				LastUpgradeCheck = 0800;
				ORGANIZATIONNAME = xuchao;
				TargetAttributes = {
					02E023781DE684E5009ADBD2 = {
						CreatedOnToolsVersion = 8.0;
						DevelopmentTeam = S8JCA3446L;
						ProvisioningStyle = Automatic;
					};
					02E023911DE684E5009ADBD2 = {
						CreatedOnToolsVersion = 8.0;
						DevelopmentTeam = 2R5QG985TG;
						ProvisioningStyle = Automatic;
						TestTargetID = 02E023781DE684E5009ADBD2;
					};
					02E0239C1DE684E5009ADBD2 = {
						CreatedOnToolsVersion = 8.0;
						DevelopmentTeam = 2R5QG985TG;
						ProvisioningStyle = Automatic;
						TestTargetID = 02E023781DE684E5009ADBD2;
					};
				};
			};
			buildConfigurationList = 02E023741DE684E5009ADBD2 /* Build configuration list for PBXProject "demo1" */;
			compatibilityVersion = "Xcode 3.2";
			developmentRegion = English;
			hasScannedForEncodings = 0;
			knownRegions = (
				en,
				Base,
			);
			mainGroup = 02E023701DE684E4009ADBD2;
			productRefGroup = 02E0237A1DE684E5009ADBD2 /* Products */;
			projectDirPath = "";
			projectRoot = "";
			targets = (
				02E023781DE684E5009ADBD2 /* demo1 */,
				02E023911DE684E5009ADBD2 /* demo1Tests */,
				02E0239C1DE684E5009ADBD2 /* demo1UITests */,
			);
		};
/* End PBXProject section */

/* Begin PBXResourcesBuildPhase section */
		02E023771DE684E5009ADBD2 /* Resources */ = {
			isa = PBXResourcesBuildPhase;
			buildActionMask = 2147483647;
			files = (
				02E0238C1DE684E5009ADBD2 /* LaunchScreen.storyboard in Resources */,
				02E023891DE684E5009ADBD2 /* Assets.xcassets in Resources */,
				02E023871DE684E5009ADBD2 /* Main.storyboard in Resources */,
			);
			runOnlyForDeploymentPostprocessing = 0;
		};
		02E023901DE684E5009ADBD2 /* Resources */ = {
			isa = PBXResourcesBuildPhase;
			buildActionMask = 2147483647;
			files = (
			);
			runOnlyForDeploymentPostprocessing = 0;
		};
		02E0239B1DE684E5009ADBD2 /* Resources */ = {
			isa = PBXResourcesBuildPhase;
			buildActionMask = 2147483647;
			files = (
			);
			runOnlyForDeploymentPostprocessing = 0;
		};
/* End PBXResourcesBuildPhase section */

/* Begin PBXSourcesBuildPhase section */
		02E023751DE684E5009ADBD2 /* Sources */ = {
			isa = PBXSourcesBuildPhase;
			buildActionMask = 2147483647;
			files = (
				026BEE6F1DE82C2700C9E322 /* XCAppInfo.m in Sources */,
				026BEE651DE81F1E00C9E322 /* XCVersionRequest.m in Sources */,
				02E023841DE684E5009ADBD2 /* ViewController.m in Sources */,
				02E023811DE684E5009ADBD2 /* AppDelegate.m in Sources */,
				02E0237E1DE684E5009ADBD2 /* main.m in Sources */,
				026BEE681DE8218700C9E322 /* XCversion.m in Sources */,
			);
			runOnlyForDeploymentPostprocessing = 0;
		};
		02E0238E1DE684E5009ADBD2 /* Sources */ = {
			isa = PBXSourcesBuildPhase;
			buildActionMask = 2147483647;
			files = (
				02E023971DE684E5009ADBD2 /* demo1Tests.m in Sources */,
			);
			runOnlyForDeploymentPostprocessing = 0;
		};
		02E023991DE684E5009ADBD2 /* Sources */ = {
			isa = PBXSourcesBuildPhase;
			buildActionMask = 2147483647;
			files = (
				02E023A21DE684E5009ADBD2 /* demo1UITests.m in Sources */,
			);
			runOnlyForDeploymentPostprocessing = 0;
		};
/* End PBXSourcesBuildPhase section */

/* Begin PBXTargetDependency section */
		02E023941DE684E5009ADBD2 /* PBXTargetDependency */ = {
			isa = PBXTargetDependency;
			target = 02E023781DE684E5009ADBD2 /* demo1 */;
			targetProxy = 02E023931DE684E5009ADBD2 /* PBXContainerItemProxy */;
		};
		02E0239F1DE684E5009ADBD2 /* PBXTargetDependency */ = {
			isa = PBXTargetDependency;
			target = 02E023781DE684E5009ADBD2 /* demo1 */;
			targetProxy = 02E0239E1DE684E5009ADBD2 /* PBXContainerItemProxy */;
		};
/* End PBXTargetDependency section */

/* Begin PBXVariantGroup section */
		02E023851DE684E5009ADBD2 /* Main.storyboard */ = {
			isa = PBXVariantGroup;
			children = (
				02E023861DE684E5009ADBD2 /* Base */,
			);
			name = Main.storyboard;
			sourceTree = "<group>";
		};
		02E0238A1DE684E5009ADBD2 /* LaunchScreen.storyboard */ = {
			isa = PBXVariantGroup;
			children = (
				02E0238B1DE684E5009ADBD2 /* Base */,
			);
			name = LaunchScreen.storyboard;
			sourceTree = "<group>";
		};
/* End PBXVariantGroup section */

/* Begin XCBuildConfiguration section */
		02E023A41DE684E5009ADBD2 /* Debug */ = {
			isa = XCBuildConfiguration;
			buildSettings = {
				ALWAYS_SEARCH_USER_PATHS = NO;
				CLANG_ANALYZER_NONNULL = YES;
				CLANG_CXX_LANGUAGE_STANDARD = "gnu++0x";
				CLANG_CXX_LIBRARY = "libc++";
				CLANG_ENABLE_MODULES = YES;
				CLANG_ENABLE_OBJC_ARC = YES;
				CLANG_WARN_BOOL_CONVERSION = YES;
				CLANG_WARN_CONSTANT_CONVERSION = YES;
				CLANG_WARN_DIRECT_OBJC_ISA_USAGE = YES_ERROR;
				CLANG_WARN_DOCUMENTATION_COMMENTS = YES;
				CLANG_WARN_EMPTY_BODY = YES;
				CLANG_WARN_ENUM_CONVERSION = YES;
				CLANG_WARN_INFINITE_RECURSION = YES;
				CLANG_WARN_INT_CONVERSION = YES;
				CLANG_WARN_OBJC_ROOT_CLASS = YES_ERROR;
				CLANG_WARN_SUSPICIOUS_MOVES = YES;
				CLANG_WARN_UNREACHABLE_CODE = YES;
				CLANG_WARN__DUPLICATE_METHOD_MATCH = YES;
				"CODE_SIGN_IDENTITY[sdk=iphoneos*]" = "iPhone Developer";
				COPY_PHASE_STRIP = NO;
				DEBUG_INFORMATION_FORMAT = dwarf;
				ENABLE_STRICT_OBJC_MSGSEND = YES;
				ENABLE_TESTABILITY = YES;
				GCC_C_LANGUAGE_STANDARD = gnu99;
				GCC_DYNAMIC_NO_PIC = NO;
				GCC_NO_COMMON_BLOCKS = YES;
				GCC_OPTIMIZATION_LEVEL = 0;
				GCC_PREPROCESSOR_DEFINITIONS = (
					"DEBUG=1",
					"$(inherited)",
				);
				GCC_WARN_64_TO_32_BIT_CONVERSION = YES;
				GCC_WARN_ABOUT_RETURN_TYPE = YES_ERROR;
				GCC_WARN_UNDECLARED_SELECTOR = YES;
				GCC_WARN_UNINITIALIZED_AUTOS = YES_AGGRESSIVE;
				GCC_WARN_UNUSED_FUNCTION = YES;
				GCC_WARN_UNUSED_VARIABLE = YES;
				IPHONEOS_DEPLOYMENT_TARGET = 10.0;
				MTL_ENABLE_DEBUG_INFO = YES;
				ONLY_ACTIVE_ARCH = YES;
				SDKROOT = iphoneos;
			};
			name = Debug;
		};
		02E023A51DE684E5009ADBD2 /* Release */ = {
			isa = XCBuildConfiguration;
			buildSettings = {
				ALWAYS_SEARCH_USER_PATHS = NO;
				CLANG_ANALYZER_NONNULL = YES;
				CLANG_CXX_LANGUAGE_STANDARD = "gnu++0x";
				CLANG_CXX_LIBRARY = "libc++";
				CLANG_ENABLE_MODULES = YES;
				CLANG_ENABLE_OBJC_ARC = YES;
				CLANG_WARN_BOOL_CONVERSION = YES;
				CLANG_WARN_CONSTANT_CONVERSION = YES;
				CLANG_WARN_DIRECT_OBJC_ISA_USAGE = YES_ERROR;
				CLANG_WARN_DOCUMENTATION_COMMENTS = YES;
				CLANG_WARN_EMPTY_BODY = YES;
				CLANG_WARN_ENUM_CONVERSION = YES;
				CLANG_WARN_INFINITE_RECURSION = YES;
				CLANG_WARN_INT_CONVERSION = YES;
				CLANG_WARN_OBJC_ROOT_CLASS = YES_ERROR;
				CLANG_WARN_SUSPICIOUS_MOVES = YES;
				CLANG_WARN_UNREACHABLE_CODE = YES;
				CLANG_WARN__DUPLICATE_METHOD_MATCH = YES;
				"CODE_SIGN_IDENTITY[sdk=iphoneos*]" = "iPhone Developer";
				COPY_PHASE_STRIP = NO;
				DEBUG_INFORMATION_FORMAT = "dwarf-with-dsym";
				ENABLE_NS_ASSERTIONS = NO;
				ENABLE_STRICT_OBJC_MSGSEND = YES;
				GCC_C_LANGUAGE_STANDARD = gnu99;
				GCC_NO_COMMON_BLOCKS = YES;
				GCC_WARN_64_TO_32_BIT_CONVERSION = YES;
				GCC_WARN_ABOUT_RETURN_TYPE = YES_ERROR;
				GCC_WARN_UNDECLARED_SELECTOR = YES;
				GCC_WARN_UNINITIALIZED_AUTOS = YES_AGGRESSIVE;
				GCC_WARN_UNUSED_FUNCTION = YES;
				GCC_WARN_UNUSED_VARIABLE = YES;
				IPHONEOS_DEPLOYMENT_TARGET = 10.0;
				MTL_ENABLE_DEBUG_INFO = NO;
				SDKROOT = iphoneos;
				VALIDATE_PRODUCT = YES;
			};
			name = Release;
		};
		02E023A71DE684E5009ADBD2 /* Debug */ = {
			isa = XCBuildConfiguration;
			buildSettings = {
				ASSETCATALOG_COMPILER_APPICON_NAME = AppIcon;
				CLANG_ENABLE_OBJC_ARC = YES;
				DEVELOPMENT_TEAM = S8JCA3446L;
				INFOPLIST_FILE = demo1/Info.plist;
				IPHONEOS_DEPLOYMENT_TARGET = 8.0;
				LD_RUNPATH_SEARCH_PATHS = "$(inherited) @executable_path/Frameworks";
				PRODUCT_BUNDLE_IDENTIFIER = "com.yuanqitech.hy-Iphone";
				PRODUCT_NAME = "$(TARGET_NAME)";
			};
			name = Debug;
		};
		02E023A81DE684E5009ADBD2 /* Release */ = {
			isa = XCBuildConfiguration;
			buildSettings = {
				ASSETCATALOG_COMPILER_APPICON_NAME = AppIcon;
				CLANG_ENABLE_OBJC_ARC = YES;
				DEVELOPMENT_TEAM = S8JCA3446L;
				INFOPLIST_FILE = demo1/Info.plist;
				IPHONEOS_DEPLOYMENT_TARGET = 8.0;
				LD_RUNPATH_SEARCH_PATHS = "$(inherited) @executable_path/Frameworks";
				PRODUCT_BUNDLE_IDENTIFIER = "com.yuanqitech.hy-Iphone";
				PRODUCT_NAME = "$(TARGET_NAME)";
			};
			name = Release;
		};
		02E023AA1DE684E5009ADBD2 /* Debug */ = {
			isa = XCBuildConfiguration;
			buildSettings = {
				BUNDLE_LOADER = "$(TEST_HOST)";
				DEVELOPMENT_TEAM = 2R5QG985TG;
				INFOPLIST_FILE = demo1Tests/Info.plist;
				LD_RUNPATH_SEARCH_PATHS = "$(inherited) @executable_path/Frameworks @loader_path/Frameworks";
				PRODUCT_BUNDLE_IDENTIFIER = none.WKWebView.demo1Tests;
				PRODUCT_NAME = "$(TARGET_NAME)";
				TEST_HOST = "$(BUILT_PRODUCTS_DIR)/demo1.app/demo1";
			};
			name = Debug;
		};
		02E023AB1DE684E5009ADBD2 /* Release */ = {
			isa = XCBuildConfiguration;
			buildSettings = {
				BUNDLE_LOADER = "$(TEST_HOST)";
				DEVELOPMENT_TEAM = 2R5QG985TG;
				INFOPLIST_FILE = demo1Tests/Info.plist;
				LD_RUNPATH_SEARCH_PATHS = "$(inherited) @executable_path/Frameworks @loader_path/Frameworks";
				PRODUCT_BUNDLE_IDENTIFIER = none.WKWebView.demo1Tests;
				PRODUCT_NAME = "$(TARGET_NAME)";
				TEST_HOST = "$(BUILT_PRODUCTS_DIR)/demo1.app/demo1";
			};
			name = Release;
		};
		02E023AD1DE684E5009ADBD2 /* Debug */ = {
			isa = XCBuildConfiguration;
			buildSettings = {
				DEVELOPMENT_TEAM = 2R5QG985TG;
				INFOPLIST_FILE = demo1UITests/Info.plist;
				LD_RUNPATH_SEARCH_PATHS = "$(inherited) @executable_path/Frameworks @loader_path/Frameworks";
				PRODUCT_BUNDLE_IDENTIFIER = none.WKWebView.demo1UITests;
				PRODUCT_NAME = "$(TARGET_NAME)";
				TEST_TARGET_NAME = demo1;
			};
			name = Debug;
		};
		02E023AE1DE684E5009ADBD2 /* Release */ = {
			isa = XCBuildConfiguration;
			buildSettings = {
				DEVELOPMENT_TEAM = 2R5QG985TG;
				INFOPLIST_FILE = demo1UITests/Info.plist;
				LD_RUNPATH_SEARCH_PATHS = "$(inherited) @executable_path/Frameworks @loader_path/Frameworks";
				PRODUCT_BUNDLE_IDENTIFIER = none.WKWebView.demo1UITests;
				PRODUCT_NAME = "$(TARGET_NAME)";
				TEST_TARGET_NAME = demo1;
			};
			name = Release;
		};
/* End XCBuildConfiguration section */

/* Begin XCConfigurationList section */
		02E023741DE684E5009ADBD2 /* Build configuration list for PBXProject "demo1" */ = {
			isa = XCConfigurationList;
			buildConfigurations = (
				02E023A41DE684E5009ADBD2 /* Debug */,
				02E023A51DE684E5009ADBD2 /* Release */,
			);
			defaultConfigurationIsVisible = 0;
			defaultConfigurationName = Release;
		};
		02E023A61DE684E5009ADBD2 /* Build configuration list for PBXNativeTarget "demo1" */ = {
			isa = XCConfigurationList;
			buildConfigurations = (
				02E023A71DE684E5009ADBD2 /* Debug */,
				02E023A81DE684E5009ADBD2 /* Release */,
			);
			defaultConfigurationIsVisible = 0;
			defaultConfigurationName = Release;
		};
		02E023A91DE684E5009ADBD2 /* Build configuration list for PBXNativeTarget "demo1Tests" */ = {
			isa = XCConfigurationList;
			buildConfigurations = (
				02E023AA1DE684E5009ADBD2 /* Debug */,
				02E023AB1DE684E5009ADBD2 /* Release */,
			);
			defaultConfigurationIsVisible = 0;
			defaultConfigurationName = Release;
		};
		02E023AC1DE684E5009ADBD2 /* Build configuration list for PBXNativeTarget "demo1UITests" */ = {
			isa = XCConfigurationList;
			buildConfigurations = (
				02E023AD1DE684E5009ADBD2 /* Debug */,
				02E023AE1DE684E5009ADBD2 /* Release */,
			);
			defaultConfigurationIsVisible = 0;
			defaultConfigurationName = Release;
		};
/* End XCConfigurationList section */
	};
	rootObject = 02E023711DE684E5009ADBD2 /* Project object */;
}
